{
  
  "name": "brr-portfolio",
  
  "version": "1.0.0",
  
  "lockfileVersion": 3,
  
  "requires": true,
  
  "packages": {
  
    
  "": {
  
    
    
  "name": "brr-portfolio",
  
    
    
  "version": "1.0.0",
  
    
    
  "dependencies": {
  
    
    
    
  "create-vite": "^9.2.1",
  
    
    
    
  "dotenv": "^18.0.5"
  
    
    
  }
  
    
  },
  
    
  "node_modules/create-vite": {
  
    
    
  "version": "9.2.1",
  
    
    
  "resolved": "https://registry.npmjs.org/create-vite/-/create-vite-9.2.1.tgz",
  
    
    
  "integrity": "sha512-nE710dPFzm9CavJw4PtpOLQpNBiOzFV+tGbwcmBdg1A3TWgFkqypDmjt44oV0jvvQEdGsvFAvQ5pUnKrdcwciw==",
  
    
    
  "license": "MIT",
  
    
    
  "bin": {
  
    
    
    
  "create-vite": "index.js",
  
    
    
    
  "cva": "index.js"
  
    
    
  },
  
    
    
  "engines": {
  
    
    
    
  "node": "^20.19.0 || >=22.12.0"
  
    
    
  },
  
    
    
  "funding": {
  
    
    
    
  "url": "https://github.com/vitejs/vite?sponsor=1"
  
    
    
  }
  
    
  },
  
    
  "node_modules/dotenv": {
  
    
    
  "version": "18.0.5",
  
    
    
  "resolved": "https://registry.npmjs.org/dotenv/-/dotenv-18.0.5.tgz",
  
    
    
  "integrity": "sha512-aBrGvt6KhjxbEnatqMWOMidftwsrCiCvqh1yNIGB9QyF0J+VcWkKDMsvYOEm7ZS82oiV+BT1sTOtIlAmUlTpwQ==",
  
    
    
  "license": "BSD-2-Clause",
  
    
    
  "bin": {
  
    
    
    
  "dotenv": "dist/index.cjs"
  
    
    
  },
  
    
    
  "engines": {
  
    
    
    
  "node": ">=12"
  
    
    
  },
  
    
    
  "funding": {
  
    
    
    
  "url": "https://dotenvx.com"
  
    
    
  }
  
    
  }
  
  }
}
